// !$*UTF8*$!
{
	archiveVersion = 1;
	classes = {
	};
	objectVersion = 48;
	objects = {

/* Begin PBXBuildFile section */
		177857736266D2BA38C6C27D /* Pods_WalkaboutTests.framework in Frameworks */ = {isa = PBXBuildFile; fileRef = 68078642CDA0DFB001CEC147 /* Pods_WalkaboutTests.framework */; };
		A5CEB3DE7B0583DA69DAFE85 /* Pods_WalkaboutWatch_Extension.framework in Frameworks */ = {isa = PBXBuildFile; fileRef = EF8A08556A60FD43BAD7EF18 /* Pods_WalkaboutWatch_Extension.framework */; };
		B2CE477CE5F28541FA42E8BD /* Pods_Walkabout.framework in Frameworks */ = {isa = PBXBuildFile; fileRef = FA6FAC27E47806592141C3D8 /* Pods_Walkabout.framework */; };
		BF517A061F2C4E9A003889A1 /* SetupViewController.swift in Sources */ = {isa = PBXBuildFile; fileRef = BF517A051F2C4E9A003889A1 /* SetupViewController.swift */; };
		BF54CEBB1F2B4A630002681C /* AppDelegate.swift in Sources */ = {isa = PBXBuildFile; fileRef = BF54CEBA1F2B4A630002681C /* AppDelegate.swift */; };
		BF54CEBD1F2B4A630002681C /* ViewController.swift in Sources */ = {isa = PBXBuildFile; fileRef = BF54CEBC1F2B4A630002681C /* ViewController.swift */; };
		BF54CEC01F2B4A630002681C /* Main.storyboard in Resources */ = {isa = PBXBuildFile; fileRef = BF54CEBE1F2B4A630002681C /* Main.storyboard */; };
		BF54CEC21F2B4A630002681C /* Assets.xcassets in Resources */ = {isa = PBXBuildFile; fileRef = BF54CEC11F2B4A630002681C /* Assets.xcassets */; };
		BF54CEC51F2B4A630002681C /* LaunchScreen.storyboard in Resources */ = {isa = PBXBuildFile; fileRef = BF54CEC31F2B4A630002681C /* LaunchScreen.storyboard */; };
		BF54CED01F2B4A640002681C /* WalkaboutTests.swift in Sources */ = {isa = PBXBuildFile; fileRef = BF54CECF1F2B4A640002681C /* WalkaboutTests.swift */; };
		BF65FE331F2BFC9300DA110B /* ArtFacility.swift in Sources */ = {isa = PBXBuildFile; fileRef = BF65FE321F2BFC9300DA110B /* ArtFacility.swift */; };
		BF65FE351F2BFFBB00DA110B /* ArtItem.swift in Sources */ = {isa = PBXBuildFile; fileRef = BF65FE341F2BFFBB00DA110B /* ArtItem.swift */; };
		BF65FE371F2C01CE00DA110B /* DrinkningFountain.swift in Sources */ = {isa = PBXBuildFile; fileRef = BF65FE361F2C01CE00DA110B /* DrinkningFountain.swift */; };
		BF65FE391F2C020C00DA110B /* DogPark.swift in Sources */ = {isa = PBXBuildFile; fileRef = BF65FE381F2C020C00DA110B /* DogPark.swift */; };
		BF65FE3B1F2C02CD00DA110B /* Beach.swift in Sources */ = {isa = PBXBuildFile; fileRef = BF65FE3A1F2C02CD00DA110B /* Beach.swift */; };
		BF65FE3D1F2C039200DA110B /* FitnessSite.swift in Sources */ = {isa = PBXBuildFile; fileRef = BF65FE3C1F2C039200DA110B /* FitnessSite.swift */; };
		BF65FE3F1F2C04C200DA110B /* Barbeque.swift in Sources */ = {isa = PBXBuildFile; fileRef = BF65FE3E1F2C04C200DA110B /* Barbeque.swift */; };
		BF65FE411F2C055A00DA110B /* Furniture.swift in Sources */ = {isa = PBXBuildFile; fileRef = BF65FE401F2C055A00DA110B /* Furniture.swift */; };
		BF65FE431F2C067B00DA110B /* Toilet.swift in Sources */ = {isa = PBXBuildFile; fileRef = BF65FE421F2C067B00DA110B /* Toilet.swift */; };
		BF65FE451F2C088300DA110B /* Playground.swift in Sources */ = {isa = PBXBuildFile; fileRef = BF65FE441F2C088300DA110B /* Playground.swift */; };
		BF69B2921F2C0FCB0064D7B2 /* DataGetter.swift in Sources */ = {isa = PBXBuildFile; fileRef = BF69B2911F2C0FCB0064D7B2 /* DataGetter.swift */; };
		BFD582B21F2B6F0600E39038 /* MapItem.swift in Sources */ = {isa = PBXBuildFile; fileRef = BFD582B11F2B6F0600E39038 /* MapItem.swift */; };
		BFEA6C591F2C4274009A995F /* DirectionHelper.swift in Sources */ = {isa = PBXBuildFile; fileRef = BFEA6C581F2C4274009A995F /* DirectionHelper.swift */; };
		FA89C52E1F2BFB680097A6F1 /* Interface.storyboard in Resources */ = {isa = PBXBuildFile; fileRef = FA89C52C1F2BFB680097A6F1 /* Interface.storyboard */; };
		FA89C5301F2BFB680097A6F1 /* Assets.xcassets in Resources */ = {isa = PBXBuildFile; fileRef = FA89C52F1F2BFB680097A6F1 /* Assets.xcassets */; };
		FA89C5371F2BFB690097A6F1 /* WalkaboutWatch Extension.appex in Embed App Extensions */ = {isa = PBXBuildFile; fileRef = FA89C5361F2BFB690097A6F1 /* WalkaboutWatch Extension.appex */; settings = {ATTRIBUTES = (RemoveHeadersOnCopy, ); }; };
		FA89C53C1F2BFB690097A6F1 /* InterfaceController.swift in Sources */ = {isa = PBXBuildFile; fileRef = FA89C53B1F2BFB690097A6F1 /* InterfaceController.swift */; };
		FA89C53E1F2BFB690097A6F1 /* ExtensionDelegate.swift in Sources */ = {isa = PBXBuildFile; fileRef = FA89C53D1F2BFB690097A6F1 /* ExtensionDelegate.swift */; };
		FA89C5401F2BFB690097A6F1 /* NotificationController.swift in Sources */ = {isa = PBXBuildFile; fileRef = FA89C53F1F2BFB690097A6F1 /* NotificationController.swift */; };
		FA89C5421F2BFB690097A6F1 /* Assets.xcassets in Resources */ = {isa = PBXBuildFile; fileRef = FA89C5411F2BFB690097A6F1 /* Assets.xcassets */; };
		FA89C5471F2BFB690097A6F1 /* WalkaboutWatch.app in Embed Watch Content */ = {isa = PBXBuildFile; fileRef = FA89C52A1F2BFB680097A6F1 /* WalkaboutWatch.app */; };
/* End PBXBuildFile section */

/* Begin PBXContainerItemProxy section */
		BF54CECC1F2B4A640002681C /* PBXContainerItemProxy */ = {
			isa = PBXContainerItemProxy;
			containerPortal = BF54CEAF1F2B4A630002681C /* Project object */;
			proxyType = 1;
			remoteGlobalIDString = BF54CEB61F2B4A630002681C;
			remoteInfo = Walkabout;
		};
		FA89C5381F2BFB690097A6F1 /* PBXContainerItemProxy */ = {
			isa = PBXContainerItemProxy;
			containerPortal = BF54CEAF1F2B4A630002681C /* Project object */;
			proxyType = 1;
			remoteGlobalIDString = FA89C5351F2BFB690097A6F1;
			remoteInfo = "WalkaboutWatch Extension";
		};
		FA89C5451F2BFB690097A6F1 /* PBXContainerItemProxy */ = {
			isa = PBXContainerItemProxy;
			containerPortal = BF54CEAF1F2B4A630002681C /* Project object */;
			proxyType = 1;
			remoteGlobalIDString = FA89C5291F2BFB680097A6F1;
			remoteInfo = WalkaboutWatch;
		};
/* End PBXContainerItemProxy section */

/* Begin PBXCopyFilesBuildPhase section */
		FA89C54D1F2BFB690097A6F1 /* Embed App Extensions */ = {
			isa = PBXCopyFilesBuildPhase;
			buildActionMask = 2147483647;
			dstPath = "";
			dstSubfolderSpec = 13;
			files = (
				FA89C5371F2BFB690097A6F1 /* WalkaboutWatch Extension.appex in Embed App Extensions */,
			);
			name = "Embed App Extensions";
			runOnlyForDeploymentPostprocessing = 0;
		};
		FA89C54F1F2BFB690097A6F1 /* Embed Watch Content */ = {
			isa = PBXCopyFilesBuildPhase;
			buildActionMask = 2147483647;
			dstPath = "$(CONTENTS_FOLDER_PATH)/Watch";
			dstSubfolderSpec = 16;
			files = (
				FA89C5471F2BFB690097A6F1 /* WalkaboutWatch.app in Embed Watch Content */,
			);
			name = "Embed Watch Content";
			runOnlyForDeploymentPostprocessing = 0;
		};
/* End PBXCopyFilesBuildPhase section */

/* Begin PBXFileReference section */
		075A0117DBEC20D093313C94 /* Pods-WalkaboutWatch Extension.release.xcconfig */ = {isa = PBXFileReference; includeInIndex = 1; lastKnownFileType = text.xcconfig; name = "Pods-WalkaboutWatch Extension.release.xcconfig"; path = "Pods/Target Support Files/Pods-WalkaboutWatch Extension/Pods-WalkaboutWatch Extension.release.xcconfig"; sourceTree = "<group>"; };
		0BDA9A3F8AD758573EAFD490 /* Pods_Walkabout_WalkaboutWatch.framework */ = {isa = PBXFileReference; explicitFileType = wrapper.framework; includeInIndex = 0; path = Pods_Walkabout_WalkaboutWatch.framework; sourceTree = BUILT_PRODUCTS_DIR; };
		1A50A44C8DE4D2693C3A4C94 /* Pods-Walkabout-WalkaboutWatch.debug.xcconfig */ = {isa = PBXFileReference; includeInIndex = 1; lastKnownFileType = text.xcconfig; name = "Pods-Walkabout-WalkaboutWatch.debug.xcconfig"; path = "Pods/Target Support Files/Pods-Walkabout-WalkaboutWatch/Pods-Walkabout-WalkaboutWatch.debug.xcconfig"; sourceTree = "<group>"; };
		356D081FD54A6A073B56DA80 /* Pods-Walkabout.release.xcconfig */ = {isa = PBXFileReference; includeInIndex = 1; lastKnownFileType = text.xcconfig; name = "Pods-Walkabout.release.xcconfig"; path = "Pods/Target Support Files/Pods-Walkabout/Pods-Walkabout.release.xcconfig"; sourceTree = "<group>"; };
		4E337B8C701AE540F1C6EFB2 /* Pods_WalkaboutWatch.framework */ = {isa = PBXFileReference; explicitFileType = wrapper.framework; includeInIndex = 0; path = Pods_WalkaboutWatch.framework; sourceTree = BUILT_PRODUCTS_DIR; };
		68078642CDA0DFB001CEC147 /* Pods_WalkaboutTests.framework */ = {isa = PBXFileReference; explicitFileType = wrapper.framework; includeInIndex = 0; path = Pods_WalkaboutTests.framework; sourceTree = BUILT_PRODUCTS_DIR; };
		69310482F375C11312F21A46 /* Pods-Walkabout-WalkaboutWatch.release.xcconfig */ = {isa = PBXFileReference; includeInIndex = 1; lastKnownFileType = text.xcconfig; name = "Pods-Walkabout-WalkaboutWatch.release.xcconfig"; path = "Pods/Target Support Files/Pods-Walkabout-WalkaboutWatch/Pods-Walkabout-WalkaboutWatch.release.xcconfig"; sourceTree = "<group>"; };
		6C714A43931E13FA5F59E584 /* Pods-Walkabout.debug.xcconfig */ = {isa = PBXFileReference; includeInIndex = 1; lastKnownFileType = text.xcconfig; name = "Pods-Walkabout.debug.xcconfig"; path = "Pods/Target Support Files/Pods-Walkabout/Pods-Walkabout.debug.xcconfig"; sourceTree = "<group>"; };
		934E3B4228C70330DB6B132E /* Pods-WalkaboutWatch Extension.debug.xcconfig */ = {isa = PBXFileReference; includeInIndex = 1; lastKnownFileType = text.xcconfig; name = "Pods-WalkaboutWatch Extension.debug.xcconfig"; path = "Pods/Target Support Files/Pods-WalkaboutWatch Extension/Pods-WalkaboutWatch Extension.debug.xcconfig"; sourceTree = "<group>"; };
		B947C83DCEE1FEAFA88E47A2 /* Pods-WalkaboutTests.release.xcconfig */ = {isa = PBXFileReference; includeInIndex = 1; lastKnownFileType = text.xcconfig; name = "Pods-WalkaboutTests.release.xcconfig"; path = "Pods/Target Support Files/Pods-WalkaboutTests/Pods-WalkaboutTests.release.xcconfig"; sourceTree = "<group>"; };
		BF517A051F2C4E9A003889A1 /* SetupViewController.swift */ = {isa = PBXFileReference; lastKnownFileType = sourcecode.swift; path = SetupViewController.swift; sourceTree = "<group>"; };
		BF54CEB71F2B4A630002681C /* Walkabout.app */ = {isa = PBXFileReference; explicitFileType = wrapper.application; includeInIndex = 0; path = Walkabout.app; sourceTree = BUILT_PRODUCTS_DIR; };
		BF54CEBA1F2B4A630002681C /* AppDelegate.swift */ = {isa = PBXFileReference; lastKnownFileType = sourcecode.swift; path = AppDelegate.swift; sourceTree = "<group>"; };
		BF54CEBC1F2B4A630002681C /* ViewController.swift */ = {isa = PBXFileReference; lastKnownFileType = sourcecode.swift; path = ViewController.swift; sourceTree = "<group>"; };
		BF54CEBF1F2B4A630002681C /* Base */ = {isa = PBXFileReference; lastKnownFileType = file.storyboard; name = Base; path = Base.lproj/Main.storyboard; sourceTree = "<group>"; };
		BF54CEC11F2B4A630002681C /* Assets.xcassets */ = {isa = PBXFileReference; lastKnownFileType = folder.assetcatalog; path = Assets.xcassets; sourceTree = "<group>"; };
		BF54CEC41F2B4A630002681C /* Base */ = {isa = PBXFileReference; lastKnownFileType = file.storyboard; name = Base; path = Base.lproj/LaunchScreen.storyboard; sourceTree = "<group>"; };
		BF54CEC61F2B4A630002681C /* Info.plist */ = {isa = PBXFileReference; lastKnownFileType = text.plist.xml; path = Info.plist; sourceTree = "<group>"; };
		BF54CECB1F2B4A640002681C /* WalkaboutTests.xctest */ = {isa = PBXFileReference; explicitFileType = wrapper.cfbundle; includeInIndex = 0; path = WalkaboutTests.xctest; sourceTree = BUILT_PRODUCTS_DIR; };
		BF54CECF1F2B4A640002681C /* WalkaboutTests.swift */ = {isa = PBXFileReference; lastKnownFileType = sourcecode.swift; path = WalkaboutTests.swift; sourceTree = "<group>"; };
		BF54CED11F2B4A640002681C /* Info.plist */ = {isa = PBXFileReference; lastKnownFileType = text.plist.xml; path = Info.plist; sourceTree = "<group>"; };
		BF65FE321F2BFC9300DA110B /* ArtFacility.swift */ = {isa = PBXFileReference; lastKnownFileType = sourcecode.swift; path = ArtFacility.swift; sourceTree = "<group>"; };
		BF65FE341F2BFFBB00DA110B /* ArtItem.swift */ = {isa = PBXFileReference; lastKnownFileType = sourcecode.swift; path = ArtItem.swift; sourceTree = "<group>"; };
		BF65FE361F2C01CE00DA110B /* DrinkningFountain.swift */ = {isa = PBXFileReference; lastKnownFileType = sourcecode.swift; path = DrinkningFountain.swift; sourceTree = "<group>"; };
		BF65FE381F2C020C00DA110B /* DogPark.swift */ = {isa = PBXFileReference; lastKnownFileType = sourcecode.swift; path = DogPark.swift; sourceTree = "<group>"; };
		BF65FE3A1F2C02CD00DA110B /* Beach.swift */ = {isa = PBXFileReference; lastKnownFileType = sourcecode.swift; path = Beach.swift; sourceTree = "<group>"; };
		BF65FE3C1F2C039200DA110B /* FitnessSite.swift */ = {isa = PBXFileReference; lastKnownFileType = sourcecode.swift; path = FitnessSite.swift; sourceTree = "<group>"; };
		BF65FE3E1F2C04C200DA110B /* Barbeque.swift */ = {isa = PBXFileReference; lastKnownFileType = sourcecode.swift; path = Barbeque.swift; sourceTree = "<group>"; };
		BF65FE401F2C055A00DA110B /* Furniture.swift */ = {isa = PBXFileReference; lastKnownFileType = sourcecode.swift; path = Furniture.swift; sourceTree = "<group>"; };
		BF65FE421F2C067B00DA110B /* Toilet.swift */ = {isa = PBXFileReference; lastKnownFileType = sourcecode.swift; path = Toilet.swift; sourceTree = "<group>"; };
		BF65FE441F2C088300DA110B /* Playground.swift */ = {isa = PBXFileReference; lastKnownFileType = sourcecode.swift; path = Playground.swift; sourceTree = "<group>"; };
		BF69B2911F2C0FCB0064D7B2 /* DataGetter.swift */ = {isa = PBXFileReference; lastKnownFileType = sourcecode.swift; path = DataGetter.swift; sourceTree = "<group>"; };
		BFD582B11F2B6F0600E39038 /* MapItem.swift */ = {isa = PBXFileReference; lastKnownFileType = sourcecode.swift; path = MapItem.swift; sourceTree = "<group>"; };
		BFEA6C581F2C4274009A995F /* DirectionHelper.swift */ = {isa = PBXFileReference; lastKnownFileType = sourcecode.swift; path = DirectionHelper.swift; sourceTree = "<group>"; };
		C772AF4F8EBA7D0A52C15C1F /* Pods-WalkaboutTests.debug.xcconfig */ = {isa = PBXFileReference; includeInIndex = 1; lastKnownFileType = text.xcconfig; name = "Pods-WalkaboutTests.debug.xcconfig"; path = "Pods/Target Support Files/Pods-WalkaboutTests/Pods-WalkaboutTests.debug.xcconfig"; sourceTree = "<group>"; };
		EF8A08556A60FD43BAD7EF18 /* Pods_WalkaboutWatch_Extension.framework */ = {isa = PBXFileReference; explicitFileType = wrapper.framework; includeInIndex = 0; path = Pods_WalkaboutWatch_Extension.framework; sourceTree = BUILT_PRODUCTS_DIR; };
		FA6FAC27E47806592141C3D8 /* Pods_Walkabout.framework */ = {isa = PBXFileReference; explicitFileType = wrapper.framework; includeInIndex = 0; path = Pods_Walkabout.framework; sourceTree = BUILT_PRODUCTS_DIR; };
		FA89C52A1F2BFB680097A6F1 /* WalkaboutWatch.app */ = {isa = PBXFileReference; explicitFileType = wrapper.application; includeInIndex = 0; path = WalkaboutWatch.app; sourceTree = BUILT_PRODUCTS_DIR; };
		FA89C52D1F2BFB680097A6F1 /* Base */ = {isa = PBXFileReference; lastKnownFileType = file.storyboard; name = Base; path = Base.lproj/Interface.storyboard; sourceTree = "<group>"; };
		FA89C52F1F2BFB680097A6F1 /* Assets.xcassets */ = {isa = PBXFileReference; lastKnownFileType = folder.assetcatalog; path = Assets.xcassets; sourceTree = "<group>"; };
		FA89C5311F2BFB680097A6F1 /* Info.plist */ = {isa = PBXFileReference; lastKnownFileType = text.plist.xml; path = Info.plist; sourceTree = "<group>"; };
		FA89C5361F2BFB690097A6F1 /* WalkaboutWatch Extension.appex */ = {isa = PBXFileReference; explicitFileType = "wrapper.app-extension"; includeInIndex = 0; path = "WalkaboutWatch Extension.appex"; sourceTree = BUILT_PRODUCTS_DIR; };
		FA89C53B1F2BFB690097A6F1 /* InterfaceController.swift */ = {isa = PBXFileReference; lastKnownFileType = sourcecode.swift; path = InterfaceController.swift; sourceTree = "<group>"; };
		FA89C53D1F2BFB690097A6F1 /* ExtensionDelegate.swift */ = {isa = PBXFileReference; lastKnownFileType = sourcecode.swift; path = ExtensionDelegate.swift; sourceTree = "<group>"; };
		FA89C53F1F2BFB690097A6F1 /* NotificationController.swift */ = {isa = PBXFileReference; lastKnownFileType = sourcecode.swift; path = NotificationController.swift; sourceTree = "<group>"; };
		FA89C5411F2BFB690097A6F1 /* Assets.xcassets */ = {isa = PBXFileReference; lastKnownFileType = folder.assetcatalog; path = Assets.xcassets; sourceTree = "<group>"; };
		FA89C5431F2BFB690097A6F1 /* Info.plist */ = {isa = PBXFileReference; lastKnownFileType = text.plist.xml; path = Info.plist; sourceTree = "<group>"; };
		FA89C5441F2BFB690097A6F1 /* PushNotificationPayload.apns */ = {isa = PBXFileReference; lastKnownFileType = text; path = PushNotificationPayload.apns; sourceTree = "<group>"; };
/* End PBXFileReference section */

/* Begin PBXFrameworksBuildPhase section */
		37CCA8E2888237D9A714139B /* Frameworks */ = {
			isa = PBXFrameworksBuildPhase;
			buildActionMask = 2147483647;
			files = (
			);
			runOnlyForDeploymentPostprocessing = 0;
		};
		BF54CEB41F2B4A630002681C /* Frameworks */ = {
			isa = PBXFrameworksBuildPhase;
			buildActionMask = 2147483647;
			files = (
				B2CE477CE5F28541FA42E8BD /* Pods_Walkabout.framework in Frameworks */,
			);
			runOnlyForDeploymentPostprocessing = 0;
		};
		BF54CEC81F2B4A640002681C /* Frameworks */ = {
			isa = PBXFrameworksBuildPhase;
			buildActionMask = 2147483647;
			files = (
				177857736266D2BA38C6C27D /* Pods_WalkaboutTests.framework in Frameworks */,
			);
			runOnlyForDeploymentPostprocessing = 0;
		};
		FA89C5331F2BFB690097A6F1 /* Frameworks */ = {
			isa = PBXFrameworksBuildPhase;
			buildActionMask = 2147483647;
			files = (
				A5CEB3DE7B0583DA69DAFE85 /* Pods_WalkaboutWatch_Extension.framework in Frameworks */,
			);
			runOnlyForDeploymentPostprocessing = 0;
		};
/* End PBXFrameworksBuildPhase section */

/* Begin PBXGroup section */
		A3B4E427618AF75054085ADF /* Frameworks */ = {
			isa = PBXGroup;
			children = (
				FA6FAC27E47806592141C3D8 /* Pods_Walkabout.framework */,
				68078642CDA0DFB001CEC147 /* Pods_WalkaboutTests.framework */,
				0BDA9A3F8AD758573EAFD490 /* Pods_Walkabout_WalkaboutWatch.framework */,
				4E337B8C701AE540F1C6EFB2 /* Pods_WalkaboutWatch.framework */,
				EF8A08556A60FD43BAD7EF18 /* Pods_WalkaboutWatch_Extension.framework */,
			);
			name = Frameworks;
			sourceTree = "<group>";
		};
		BF54CEAE1F2B4A630002681C = {
			isa = PBXGroup;
			children = (
				BF54CEB91F2B4A630002681C /* Walkabout */,
				BF54CECE1F2B4A640002681C /* WalkaboutTests */,
				FA89C52B1F2BFB680097A6F1 /* WalkaboutWatch */,
				FA89C53A1F2BFB690097A6F1 /* WalkaboutWatch Extension */,
				BF54CEB81F2B4A630002681C /* Products */,
				FA868B176226FDDC4F55439A /* Pods */,
				A3B4E427618AF75054085ADF /* Frameworks */,
			);
			sourceTree = "<group>";
		};
		BF54CEB81F2B4A630002681C /* Products */ = {
			isa = PBXGroup;
			children = (
				BF54CEB71F2B4A630002681C /* Walkabout.app */,
				BF54CECB1F2B4A640002681C /* WalkaboutTests.xctest */,
				FA89C52A1F2BFB680097A6F1 /* WalkaboutWatch.app */,
				FA89C5361F2BFB690097A6F1 /* WalkaboutWatch Extension.appex */,
			);
			name = Products;
			sourceTree = "<group>";
		};
		BF54CEB91F2B4A630002681C /* Walkabout */ = {
			isa = PBXGroup;
			children = (
				BF65FE311F2BFC2300DA110B /* Data */,
				BF54CEBA1F2B4A630002681C /* AppDelegate.swift */,
				BF54CEBC1F2B4A630002681C /* ViewController.swift */,
				BF54CEBE1F2B4A630002681C /* Main.storyboard */,
				BF54CEC11F2B4A630002681C /* Assets.xcassets */,
				BF54CEC31F2B4A630002681C /* LaunchScreen.storyboard */,
				BF54CEC61F2B4A630002681C /* Info.plist */,
				BFD582B11F2B6F0600E39038 /* MapItem.swift */,
				BFEA6C581F2C4274009A995F /* DirectionHelper.swift */,
				BF517A051F2C4E9A003889A1 /* SetupViewController.swift */,
			);
			path = Walkabout;
			sourceTree = "<group>";
		};
		BF54CECE1F2B4A640002681C /* WalkaboutTests */ = {
			isa = PBXGroup;
			children = (
				BF54CECF1F2B4A640002681C /* WalkaboutTests.swift */,
				BF54CED11F2B4A640002681C /* Info.plist */,
			);
			path = WalkaboutTests;
			sourceTree = "<group>";
		};
		BF65FE311F2BFC2300DA110B /* Data */ = {
			isa = PBXGroup;
			children = (
				BF65FE321F2BFC9300DA110B /* ArtFacility.swift */,
				BF65FE341F2BFFBB00DA110B /* ArtItem.swift */,
				BF65FE361F2C01CE00DA110B /* DrinkningFountain.swift */,
				BF65FE381F2C020C00DA110B /* DogPark.swift */,
				BF65FE3A1F2C02CD00DA110B /* Beach.swift */,
				BF65FE3C1F2C039200DA110B /* FitnessSite.swift */,
				BF65FE3E1F2C04C200DA110B /* Barbeque.swift */,
				BF65FE401F2C055A00DA110B /* Furniture.swift */,
				BF65FE421F2C067B00DA110B /* Toilet.swift */,
				BF65FE441F2C088300DA110B /* Playground.swift */,
				BF69B2911F2C0FCB0064D7B2 /* DataGetter.swift */,
			);
			path = Data;
			sourceTree = "<group>";
		};
		FA868B176226FDDC4F55439A /* Pods */ = {
			isa = PBXGroup;
			children = (
				6C714A43931E13FA5F59E584 /* Pods-Walkabout.debug.xcconfig */,
				356D081FD54A6A073B56DA80 /* Pods-Walkabout.release.xcconfig */,
				C772AF4F8EBA7D0A52C15C1F /* Pods-WalkaboutTests.debug.xcconfig */,
				B947C83DCEE1FEAFA88E47A2 /* Pods-WalkaboutTests.release.xcconfig */,
				1A50A44C8DE4D2693C3A4C94 /* Pods-Walkabout-WalkaboutWatch.debug.xcconfig */,
				69310482F375C11312F21A46 /* Pods-Walkabout-WalkaboutWatch.release.xcconfig */,
				934E3B4228C70330DB6B132E /* Pods-WalkaboutWatch Extension.debug.xcconfig */,
				075A0117DBEC20D093313C94 /* Pods-WalkaboutWatch Extension.release.xcconfig */,
			);
			name = Pods;
			sourceTree = "<group>";
		};
		FA89C52B1F2BFB680097A6F1 /* WalkaboutWatch */ = {
			isa = PBXGroup;
			children = (
				FA89C52C1F2BFB680097A6F1 /* Interface.storyboard */,
				FA89C52F1F2BFB680097A6F1 /* Assets.xcassets */,
				FA89C5311F2BFB680097A6F1 /* Info.plist */,
			);
			path = WalkaboutWatch;
			sourceTree = "<group>";
		};
		FA89C53A1F2BFB690097A6F1 /* WalkaboutWatch Extension */ = {
			isa = PBXGroup;
			children = (
				FA89C53B1F2BFB690097A6F1 /* InterfaceController.swift */,
				FA89C53D1F2BFB690097A6F1 /* ExtensionDelegate.swift */,
				FA89C53F1F2BFB690097A6F1 /* NotificationController.swift */,
				FA89C5411F2BFB690097A6F1 /* Assets.xcassets */,
				FA89C5431F2BFB690097A6F1 /* Info.plist */,
				FA89C5441F2BFB690097A6F1 /* PushNotificationPayload.apns */,
			);
			path = "WalkaboutWatch Extension";
			sourceTree = "<group>";
		};
/* End PBXGroup section */

/* Begin PBXNativeTarget section */
		BF54CEB61F2B4A630002681C /* Walkabout */ = {
			isa = PBXNativeTarget;
			buildConfigurationList = BF54CED41F2B4A640002681C /* Build configuration list for PBXNativeTarget "Walkabout" */;
			buildPhases = (
				2824154319757C206B2D9085 /* [CP] Check Pods Manifest.lock */,
				BF54CEB31F2B4A630002681C /* Sources */,
				BF54CEB41F2B4A630002681C /* Frameworks */,
				BF54CEB51F2B4A630002681C /* Resources */,
				920410B3893ABD2448DD547B /* [CP] Embed Pods Frameworks */,
				1F6EEE140BC41210663F1620 /* [CP] Copy Pods Resources */,
				FA89C54F1F2BFB690097A6F1 /* Embed Watch Content */,
			);
			buildRules = (
			);
			dependencies = (
				FA89C5461F2BFB690097A6F1 /* PBXTargetDependency */,
			);
			name = Walkabout;
			productName = Walkabout;
			productReference = BF54CEB71F2B4A630002681C /* Walkabout.app */;
			productType = "com.apple.product-type.application";
		};
		BF54CECA1F2B4A640002681C /* WalkaboutTests */ = {
			isa = PBXNativeTarget;
			buildConfigurationList = BF54CED71F2B4A640002681C /* Build configuration list for PBXNativeTarget "WalkaboutTests" */;
			buildPhases = (
				B0C0209113BAD6F3ED990D25 /* [CP] Check Pods Manifest.lock */,
				BF54CEC71F2B4A640002681C /* Sources */,
				BF54CEC81F2B4A640002681C /* Frameworks */,
				BF54CEC91F2B4A640002681C /* Resources */,
				B7AE422AE2F64A022B4C3BD7 /* [CP] Embed Pods Frameworks */,
				DF3C79601A96832089F71D0F /* [CP] Copy Pods Resources */,
			);
			buildRules = (
			);
			dependencies = (
				BF54CECD1F2B4A640002681C /* PBXTargetDependency */,
			);
			name = WalkaboutTests;
			productName = WalkaboutTests;
			productReference = BF54CECB1F2B4A640002681C /* WalkaboutTests.xctest */;
			productType = "com.apple.product-type.bundle.unit-test";
		};
		FA89C5291F2BFB680097A6F1 /* WalkaboutWatch */ = {
			isa = PBXNativeTarget;
			buildConfigurationList = FA89C54E1F2BFB690097A6F1 /* Build configuration list for PBXNativeTarget "WalkaboutWatch" */;
			buildPhases = (
				FA89C5281F2BFB680097A6F1 /* Resources */,
				FA89C54D1F2BFB690097A6F1 /* Embed App Extensions */,
				37CCA8E2888237D9A714139B /* Frameworks */,
			);
			buildRules = (
			);
			dependencies = (
				FA89C5391F2BFB690097A6F1 /* PBXTargetDependency */,
			);
			name = WalkaboutWatch;
			productName = WalkaboutWatch;
			productReference = FA89C52A1F2BFB680097A6F1 /* WalkaboutWatch.app */;
			productType = "com.apple.product-type.application.watchapp2";
		};
		FA89C5351F2BFB690097A6F1 /* WalkaboutWatch Extension */ = {
			isa = PBXNativeTarget;
			buildConfigurationList = FA89C54C1F2BFB690097A6F1 /* Build configuration list for PBXNativeTarget "WalkaboutWatch Extension" */;
			buildPhases = (
				DA56DC812205494F962BBF54 /* [CP] Check Pods Manifest.lock */,
				FA89C5321F2BFB690097A6F1 /* Sources */,
				FA89C5331F2BFB690097A6F1 /* Frameworks */,
				FA89C5341F2BFB690097A6F1 /* Resources */,
				3B48E6D3BFAA1A9C66C415FC /* [CP] Embed Pods Frameworks */,
				396345E49C18BC1AF263D6FC /* [CP] Copy Pods Resources */,
			);
			buildRules = (
			);
			dependencies = (
			);
			name = "WalkaboutWatch Extension";
			productName = "WalkaboutWatch Extension";
			productReference = FA89C5361F2BFB690097A6F1 /* WalkaboutWatch Extension.appex */;
			productType = "com.apple.product-type.watchkit2-extension";
		};
/* End PBXNativeTarget section */

/* Begin PBXProject section */
		BF54CEAF1F2B4A630002681C /* Project object */ = {
			isa = PBXProject;
			attributes = {
				LastSwiftUpdateCheck = 0900;
				LastUpgradeCheck = 0900;
				ORGANIZATIONNAME = GovHack;
				TargetAttributes = {
					BF54CEB61F2B4A630002681C = {
						CreatedOnToolsVersion = 9.0;
						LastSwiftMigration = 0900;
					};
					BF54CECA1F2B4A640002681C = {
						CreatedOnToolsVersion = 9.0;
						LastSwiftMigration = 0900;
						TestTargetID = BF54CEB61F2B4A630002681C;
					};
					FA89C5291F2BFB680097A6F1 = {
						CreatedOnToolsVersion = 9.0;
					};
					FA89C5351F2BFB690097A6F1 = {
						CreatedOnToolsVersion = 9.0;
					};
				};
			};
			buildConfigurationList = BF54CEB21F2B4A630002681C /* Build configuration list for PBXProject "Walkabout" */;
			compatibilityVersion = "Xcode 8.0";
			developmentRegion = en;
			hasScannedForEncodings = 0;
			knownRegions = (
				en,
				Base,
			);
			mainGroup = BF54CEAE1F2B4A630002681C;
			productRefGroup = BF54CEB81F2B4A630002681C /* Products */;
			projectDirPath = "";
			projectRoot = "";
			targets = (
				BF54CEB61F2B4A630002681C /* Walkabout */,
				BF54CECA1F2B4A640002681C /* WalkaboutTests */,
				FA89C5291F2BFB680097A6F1 /* WalkaboutWatch */,
				FA89C5351F2BFB690097A6F1 /* WalkaboutWatch Extension */,
			);
		};
/* End PBXProject section */

/* Begin PBXResourcesBuildPhase section */
		BF54CEB51F2B4A630002681C /* Resources */ = {
			isa = PBXResourcesBuildPhase;
			buildActionMask = 2147483647;
			files = (
				BF54CEC51F2B4A630002681C /* LaunchScreen.storyboard in Resources */,
				BF54CEC21F2B4A630002681C /* Assets.xcassets in Resources */,
				BF54CEC01F2B4A630002681C /* Main.storyboard in Resources */,
			);
			runOnlyForDeploymentPostprocessing = 0;
		};
		BF54CEC91F2B4A640002681C /* Resources */ = {
			isa = PBXResourcesBuildPhase;
			buildActionMask = 2147483647;
			files = (
			);
			runOnlyForDeploymentPostprocessing = 0;
		};
		FA89C5281F2BFB680097A6F1 /* Resources */ = {
			isa = PBXResourcesBuildPhase;
			buildActionMask = 2147483647;
			files = (
				FA89C5301F2BFB680097A6F1 /* Assets.xcassets in Resources */,
				FA89C52E1F2BFB680097A6F1 /* Interface.storyboard in Resources */,
			);
			runOnlyForDeploymentPostprocessing = 0;
		};
		FA89C5341F2BFB690097A6F1 /* Resources */ = {
			isa = PBXResourcesBuildPhase;
			buildActionMask = 2147483647;
			files = (
				FA89C5421F2BFB690097A6F1 /* Assets.xcassets in Resources */,
			);
			runOnlyForDeploymentPostprocessing = 0;
		};
/* End PBXResourcesBuildPhase section */

/* Begin PBXShellScriptBuildPhase section */
		1F6EEE140BC41210663F1620 /* [CP] Copy Pods Resources */ = {
			isa = PBXShellScriptBuildPhase;
			buildActionMask = 2147483647;
			files = (
			);
			inputPaths = (
			);
			name = "[CP] Copy Pods Resources";
			outputPaths = (
			);
			runOnlyForDeploymentPostprocessing = 0;
			shellPath = /bin/sh;
			shellScript = "\"${SRCROOT}/Pods/Target Support Files/Pods-Walkabout/Pods-Walkabout-resources.sh\"\n";
			showEnvVarsInLog = 0;
		};
		2824154319757C206B2D9085 /* [CP] Check Pods Manifest.lock */ = {
			isa = PBXShellScriptBuildPhase;
			buildActionMask = 2147483647;
			files = (
			);
			inputPaths = (
			);
			name = "[CP] Check Pods Manifest.lock";
			outputPaths = (
			);
			runOnlyForDeploymentPostprocessing = 0;
			shellPath = /bin/sh;
			shellScript = "diff \"${PODS_PODFILE_DIR_PATH}/Podfile.lock\" \"${PODS_ROOT}/Manifest.lock\" > /dev/null\nif [ $? != 0 ] ; then\n    # print error to STDERR\n    echo \"error: The sandbox is not in sync with the Podfile.lock. Run 'pod install' or update your CocoaPods installation.\" >&2\n    exit 1\nfi\n";
			showEnvVarsInLog = 0;
		};
		396345E49C18BC1AF263D6FC /* [CP] Copy Pods Resources */ = {
			isa = PBXShellScriptBuildPhase;
			buildActionMask = 2147483647;
			files = (
			);
			inputPaths = (
			);
			name = "[CP] Copy Pods Resources";
			outputPaths = (
			);
			runOnlyForDeploymentPostprocessing = 0;
			shellPath = /bin/sh;
			shellScript = "\"${SRCROOT}/Pods/Target Support Files/Pods-WalkaboutWatch Extension/Pods-WalkaboutWatch Extension-resources.sh\"\n";
			showEnvVarsInLog = 0;
		};
		3B48E6D3BFAA1A9C66C415FC /* [CP] Embed Pods Frameworks */ = {
			isa = PBXShellScriptBuildPhase;
			buildActionMask = 2147483647;
			files = (
			);
			inputPaths = (
			);
			name = "[CP] Embed Pods Frameworks";
			outputPaths = (
			);
			runOnlyForDeploymentPostprocessing = 0;
			shellPath = /bin/sh;
			shellScript = "\"${SRCROOT}/Pods/Target Support Files/Pods-WalkaboutWatch Extension/Pods-WalkaboutWatch Extension-frameworks.sh\"\n";
			showEnvVarsInLog = 0;
		};
		920410B3893ABD2448DD547B /* [CP] Embed Pods Frameworks */ = {
			isa = PBXShellScriptBuildPhase;
			buildActionMask = 2147483647;
			files = (
			);
			inputPaths = (
			);
			name = "[CP] Embed Pods Frameworks";
			outputPaths = (
			);
			runOnlyForDeploymentPostprocessing = 0;
			shellPath = /bin/sh;
			shellScript = "\"${SRCROOT}/Pods/Target Support Files/Pods-Walkabout/Pods-Walkabout-frameworks.sh\"\n";
			showEnvVarsInLog = 0;
		};
		B0C0209113BAD6F3ED990D25 /* [CP] Check Pods Manifest.lock */ = {
			isa = PBXShellScriptBuildPhase;
			buildActionMask = 2147483647;
			files = (
			);
			inputPaths = (
			);
			name = "[CP] Check Pods Manifest.lock";
			outputPaths = (
			);
			runOnlyForDeploymentPostprocessing = 0;
			shellPath = /bin/sh;
			shellScript = "diff \"${PODS_PODFILE_DIR_PATH}/Podfile.lock\" \"${PODS_ROOT}/Manifest.lock\" > /dev/null\nif [ $? != 0 ] ; then\n    # print error to STDERR\n    echo \"error: The sandbox is not in sync with the Podfile.lock. Run 'pod install' or update your CocoaPods installation.\" >&2\n    exit 1\nfi\n";
			showEnvVarsInLog = 0;
		};
		B7AE422AE2F64A022B4C3BD7 /* [CP] Embed Pods Frameworks */ = {
			isa = PBXShellScriptBuildPhase;
			buildActionMask = 2147483647;
			files = (
			);
			inputPaths = (
			);
			name = "[CP] Embed Pods Frameworks";
			outputPaths = (
			);
			runOnlyForDeploymentPostprocessing = 0;
			shellPath = /bin/sh;
			shellScript = "\"${SRCROOT}/Pods/Target Support Files/Pods-WalkaboutTests/Pods-WalkaboutTests-frameworks.sh\"\n";
			showEnvVarsInLog = 0;
		};
		DA56DC812205494F962BBF54 /* [CP] Check Pods Manifest.lock */ = {
			isa = PBXShellScriptBuildPhase;
			buildActionMask = 2147483647;
			files = (
			);
			inputPaths = (
			);
			name = "[CP] Check Pods Manifest.lock";
			outputPaths = (
			);
			runOnlyForDeploymentPostprocessing = 0;
			shellPath = /bin/sh;
			shellScript = "diff \"${PODS_PODFILE_DIR_PATH}/Podfile.lock\" \"${PODS_ROOT}/Manifest.lock\" > /dev/null\nif [ $? != 0 ] ; then\n    # print error to STDERR\n    echo \"error: The sandbox is not in sync with the Podfile.lock. Run 'pod install' or update your CocoaPods installation.\" >&2\n    exit 1\nfi\n";
			showEnvVarsInLog = 0;
		};
		DF3C79601A96832089F71D0F /* [CP] Copy Pods Resources */ = {
			isa = PBXShellScriptBuildPhase;
			buildActionMask = 2147483647;
			files = (
			);
			inputPaths = (
			);
			name = "[CP] Copy Pods Resources";
			outputPaths = (
			);
			runOnlyForDeploymentPostprocessing = 0;
			shellPath = /bin/sh;
			shellScript = "\"${SRCROOT}/Pods/Target Support Files/Pods-WalkaboutTests/Pods-WalkaboutTests-resources.sh\"\n";
			showEnvVarsInLog = 0;
		};
/* End PBXShellScriptBuildPhase section */

/* Begin PBXSourcesBuildPhase section */
		BF54CEB31F2B4A630002681C /* Sources */ = {
			isa = PBXSourcesBuildPhase;
			buildActionMask = 2147483647;
			files = (
				BF65FE3D1F2C039200DA110B /* FitnessSite.swift in Sources */,
				BF65FE331F2BFC9300DA110B /* ArtFacility.swift in Sources */,
				BF65FE3B1F2C02CD00DA110B /* Beach.swift in Sources */,
				BF65FE391F2C020C00DA110B /* DogPark.swift in Sources */,
				BF517A061F2C4E9A003889A1 /* SetupViewController.swift in Sources */,
				BF54CEBD1F2B4A630002681C /* ViewController.swift in Sources */,
				BF54CEBB1F2B4A630002681C /* AppDelegate.swift in Sources */,
				BF65FE451F2C088300DA110B /* Playground.swift in Sources */,
				BF65FE3F1F2C04C200DA110B /* Barbeque.swift in Sources */,
				BF65FE411F2C055A00DA110B /* Furniture.swift in Sources */,
				BF65FE431F2C067B00DA110B /* Toilet.swift in Sources */,
				BF69B2921F2C0FCB0064D7B2 /* DataGetter.swift in Sources */,
				BFEA6C591F2C4274009A995F /* DirectionHelper.swift in Sources */,
				BF65FE371F2C01CE00DA110B /* DrinkningFountain.swift in Sources */,
				BF65FE351F2BFFBB00DA110B /* ArtItem.swift in Sources */,
				BFD582B21F2B6F0600E39038 /* MapItem.swift in Sources */,
			);
			runOnlyForDeploymentPostprocessing = 0;
		};
		BF54CEC71F2B4A640002681C /* Sources */ = {
			isa = PBXSourcesBuildPhase;
			buildActionMask = 2147483647;
			files = (
				BF54CED01F2B4A640002681C /* WalkaboutTests.swift in Sources */,
			);
			runOnlyForDeploymentPostprocessing = 0;
		};
		FA89C5321F2BFB690097A6F1 /* Sources */ = {
			isa = PBXSourcesBuildPhase;
			buildActionMask = 2147483647;
			files = (
				FA89C5401F2BFB690097A6F1 /* NotificationController.swift in Sources */,
				FA89C53E1F2BFB690097A6F1 /* ExtensionDelegate.swift in Sources */,
				FA89C53C1F2BFB690097A6F1 /* InterfaceController.swift in Sources */,
			);
			runOnlyForDeploymentPostprocessing = 0;
		};
/* End PBXSourcesBuildPhase section */

/* Begin PBXTargetDependency section */
		BF54CECD1F2B4A640002681C /* PBXTargetDependency */ = {
			isa = PBXTargetDependency;
			target = BF54CEB61F2B4A630002681C /* Walkabout */;
			targetProxy = BF54CECC1F2B4A640002681C /* PBXContainerItemProxy */;
		};
		FA89C5391F2BFB690097A6F1 /* PBXTargetDependency */ = {
			isa = PBXTargetDependency;
			target = FA89C5351F2BFB690097A6F1 /* WalkaboutWatch Extension */;
			targetProxy = FA89C5381F2BFB690097A6F1 /* PBXContainerItemProxy */;
		};
		FA89C5461F2BFB690097A6F1 /* PBXTargetDependency */ = {
			isa = PBXTargetDependency;
			target = FA89C5291F2BFB680097A6F1 /* WalkaboutWatch */;
			targetProxy = FA89C5451F2BFB690097A6F1 /* PBXContainerItemProxy */;
		};
/* End PBXTargetDependency section */

/* Begin PBXVariantGroup section */
		BF54CEBE1F2B4A630002681C /* Main.storyboard */ = {
			isa = PBXVariantGroup;
			children = (
				BF54CEBF1F2B4A630002681C /* Base */,
			);
			name = Main.storyboard;
			sourceTree = "<group>";
		};
		BF54CEC31F2B4A630002681C /* LaunchScreen.storyboard */ = {
			isa = PBXVariantGroup;
			children = (
				BF54CEC41F2B4A630002681C /* Base */,
			);
			name = LaunchScreen.storyboard;
			sourceTree = "<group>";
		};
		FA89C52C1F2BFB680097A6F1 /* Interface.storyboard */ = {
			isa = PBXVariantGroup;
			children = (
				FA89C52D1F2BFB680097A6F1 /* Base */,
			);
			name = Interface.storyboard;
			sourceTree = "<group>";
		};
/* End PBXVariantGroup section */

/* Begin XCBuildConfiguration section */
		BF54CED21F2B4A640002681C /* Debug */ = {
			isa = XCBuildConfiguration;
			buildSettings = {
				ALWAYS_SEARCH_USER_PATHS = NO;
				CLANG_ANALYZER_NONNULL = YES;
				CLANG_ANALYZER_NUMBER_OBJECT_CONVERSION = YES_AGGRESSIVE;
				CLANG_CXX_LANGUAGE_STANDARD = "gnu++14";
				CLANG_CXX_LIBRARY = "libc++";
				CLANG_ENABLE_MODULES = YES;
				CLANG_ENABLE_OBJC_ARC = YES;
				CLANG_WARN_BLOCK_CAPTURE_AUTORELEASING = YES;
				CLANG_WARN_BOOL_CONVERSION = YES;
				CLANG_WARN_COMMA = YES;
				CLANG_WARN_CONSTANT_CONVERSION = YES;
				CLANG_WARN_DIRECT_OBJC_ISA_USAGE = YES_ERROR;
				CLANG_WARN_DOCUMENTATION_COMMENTS = YES;
				CLANG_WARN_EMPTY_BODY = YES;
				CLANG_WARN_ENUM_CONVERSION = YES;
				CLANG_WARN_INFINITE_RECURSION = YES;
				CLANG_WARN_INT_CONVERSION = YES;
				CLANG_WARN_OBJC_ROOT_CLASS = YES_ERROR;
				CLANG_WARN_RANGE_LOOP_ANALYSIS = YES;
				CLANG_WARN_STRICT_PROTOTYPES = YES;
				CLANG_WARN_SUSPICIOUS_MOVE = YES;
				CLANG_WARN_UNGUARDED_AVAILABILITY = YES_AGGRESSIVE;
				CLANG_WARN_UNREACHABLE_CODE = YES;
				CLANG_WARN__DUPLICATE_METHOD_MATCH = YES;
				CODE_SIGN_IDENTITY = "iPhone Developer";
				COPY_PHASE_STRIP = NO;
				DEBUG_INFORMATION_FORMAT = dwarf;
				ENABLE_STRICT_OBJC_MSGSEND = YES;
				ENABLE_TESTABILITY = YES;
				GCC_C_LANGUAGE_STANDARD = gnu11;
				GCC_DYNAMIC_NO_PIC = NO;
				GCC_NO_COMMON_BLOCKS = YES;
				GCC_OPTIMIZATION_LEVEL = 0;
				GCC_PREPROCESSOR_DEFINITIONS = (
					"DEBUG=1",
					"$(inherited)",
				);
				GCC_WARN_64_TO_32_BIT_CONVERSION = YES;
				GCC_WARN_ABOUT_RETURN_TYPE = YES_ERROR;
				GCC_WARN_UNDECLARED_SELECTOR = YES;
				GCC_WARN_UNINITIALIZED_AUTOS = YES_AGGRESSIVE;
				GCC_WARN_UNUSED_FUNCTION = YES;
				GCC_WARN_UNUSED_VARIABLE = YES;
				IPHONEOS_DEPLOYMENT_TARGET = 11.0;
				MTL_ENABLE_DEBUG_INFO = YES;
				ONLY_ACTIVE_ARCH = YES;
				PRODUCT_BUNDLE_IDENTIFIER = com.moorecode;
				SDKROOT = iphoneos;
				SWIFT_ACTIVE_COMPILATION_CONDITIONS = DEBUG;
				SWIFT_OPTIMIZATION_LEVEL = "-Owholemodule";
			};
			name = Debug;
		};
		BF54CED31F2B4A640002681C /* Release */ = {
			isa = XCBuildConfiguration;
			buildSettings = {
				ALWAYS_SEARCH_USER_PATHS = NO;
				CLANG_ANALYZER_NONNULL = YES;
				CLANG_ANALYZER_NUMBER_OBJECT_CONVERSION = YES_AGGRESSIVE;
				CLANG_CXX_LANGUAGE_STANDARD = "gnu++14";
				CLANG_CXX_LIBRARY = "libc++";
				CLANG_ENABLE_MODULES = YES;
				CLANG_ENABLE_OBJC_ARC = YES;
				CLANG_WARN_BLOCK_CAPTURE_AUTORELEASING = YES;
				CLANG_WARN_BOOL_CONVERSION = YES;
				CLANG_WARN_COMMA = YES;
				CLANG_WARN_CONSTANT_CONVERSION = YES;
				CLANG_WARN_DIRECT_OBJC_ISA_USAGE = YES_ERROR;
				CLANG_WARN_DOCUMENTATION_COMMENTS = YES;
				CLANG_WARN_EMPTY_BODY = YES;
				CLANG_WARN_ENUM_CONVERSION = YES;
				CLANG_WARN_INFINITE_RECURSION = YES;
				CLANG_WARN_INT_CONVERSION = YES;
				CLANG_WARN_OBJC_ROOT_CLASS = YES_ERROR;
				CLANG_WARN_RANGE_LOOP_ANALYSIS = YES;
				CLANG_WARN_STRICT_PROTOTYPES = YES;
				CLANG_WARN_SUSPICIOUS_MOVE = YES;
				CLANG_WARN_UNGUARDED_AVAILABILITY = YES_AGGRESSIVE;
				CLANG_WARN_UNREACHABLE_CODE = YES;
				CLANG_WARN__DUPLICATE_METHOD_MATCH = YES;
				CODE_SIGN_IDENTITY = "iPhone Developer";
				COPY_PHASE_STRIP = NO;
				DEBUG_INFORMATION_FORMAT = "dwarf-with-dsym";
				ENABLE_NS_ASSERTIONS = NO;
				ENABLE_STRICT_OBJC_MSGSEND = YES;
				GCC_C_LANGUAGE_STANDARD = gnu11;
				GCC_NO_COMMON_BLOCKS = YES;
				GCC_WARN_64_TO_32_BIT_CONVERSION = YES;
				GCC_WARN_ABOUT_RETURN_TYPE = YES_ERROR;
				GCC_WARN_UNDECLARED_SELECTOR = YES;
				GCC_WARN_UNINITIALIZED_AUTOS = YES_AGGRESSIVE;
				GCC_WARN_UNUSED_FUNCTION = YES;
				GCC_WARN_UNUSED_VARIABLE = YES;
				IPHONEOS_DEPLOYMENT_TARGET = 11.0;
				MTL_ENABLE_DEBUG_INFO = NO;
				PRODUCT_BUNDLE_IDENTIFIER = com.moorecode;
				SDKROOT = iphoneos;
				SWIFT_OPTIMIZATION_LEVEL = "-Owholemodule";
				VALIDATE_PRODUCT = YES;
			};
			name = Release;
		};
		BF54CED51F2B4A640002681C /* Debug */ = {
			isa = XCBuildConfiguration;
			baseConfigurationReference = 6C714A43931E13FA5F59E584 /* Pods-Walkabout.debug.xcconfig */;
			buildSettings = {
				ASSETCATALOG_COMPILER_APPICON_NAME = AppIcon;
				DEVELOPMENT_TEAM = YRKSKTGWBF;
				INFOPLIST_FILE = Walkabout/Info.plist;
				LD_RUNPATH_SEARCH_PATHS = "$(inherited) @executable_path/Frameworks";
				PRODUCT_NAME = "$(TARGET_NAME)";
				SWIFT_SWIFT3_OBJC_INFERENCE = On;
				SWIFT_VERSION = 4.0;
				TARGETED_DEVICE_FAMILY = "1,2";
			};
			name = Debug;
		};
		BF54CED61F2B4A640002681C /* Release */ = {
			isa = XCBuildConfiguration;
			baseConfigurationReference = 356D081FD54A6A073B56DA80 /* Pods-Walkabout.release.xcconfig */;
			buildSettings = {
				ASSETCATALOG_COMPILER_APPICON_NAME = AppIcon;
				DEVELOPMENT_TEAM = YRKSKTGWBF;
				INFOPLIST_FILE = Walkabout/Info.plist;
				LD_RUNPATH_SEARCH_PATHS = "$(inherited) @executable_path/Frameworks";
				PRODUCT_NAME = "$(TARGET_NAME)";
				SWIFT_SWIFT3_OBJC_INFERENCE = On;
				SWIFT_VERSION = 4.0;
				TARGETED_DEVICE_FAMILY = "1,2";
			};
			name = Release;
		};
		BF54CED81F2B4A640002681C /* Debug */ = {
			isa = XCBuildConfiguration;
			baseConfigurationReference = C772AF4F8EBA7D0A52C15C1F /* Pods-WalkaboutTests.debug.xcconfig */;
			buildSettings = {
				ALWAYS_EMBED_SWIFT_STANDARD_LIBRARIES = YES;
				BUNDLE_LOADER = "$(TEST_HOST)";
				DEVELOPMENT_TEAM = YRKSKTGWBF;
				INFOPLIST_FILE = WalkaboutTests/Info.plist;
				LD_RUNPATH_SEARCH_PATHS = "$(inherited) @executable_path/Frameworks @loader_path/Frameworks";
				PRODUCT_BUNDLE_IDENTIFIER = prg.govhack.WalkaboutTests;
				PRODUCT_NAME = "$(TARGET_NAME)";
				SWIFT_SWIFT3_OBJC_INFERENCE = On;
				SWIFT_VERSION = 4.0;
				TARGETED_DEVICE_FAMILY = "1,2";
				TEST_HOST = "$(BUILT_PRODUCTS_DIR)/Walkabout.app/Walkabout";
			};
			name = Debug;
		};
		BF54CED91F2B4A640002681C /* Release */ = {
			isa = XCBuildConfiguration;
			baseConfigurationReference = B947C83DCEE1FEAFA88E47A2 /* Pods-WalkaboutTests.release.xcconfig */;
			buildSettings = {
				ALWAYS_EMBED_SWIFT_STANDARD_LIBRARIES = YES;
				BUNDLE_LOADER = "$(TEST_HOST)";
				DEVELOPMENT_TEAM = YRKSKTGWBF;
				INFOPLIST_FILE = WalkaboutTests/Info.plist;
				LD_RUNPATH_SEARCH_PATHS = "$(inherited) @executable_path/Frameworks @loader_path/Frameworks";
				PRODUCT_BUNDLE_IDENTIFIER = prg.govhack.WalkaboutTests;
				PRODUCT_NAME = "$(TARGET_NAME)";
				SWIFT_SWIFT3_OBJC_INFERENCE = On;
				SWIFT_VERSION = 4.0;
				TARGETED_DEVICE_FAMILY = "1,2";
				TEST_HOST = "$(BUILT_PRODUCTS_DIR)/Walkabout.app/Walkabout";
			};
			name = Release;
		};
		FA89C5481F2BFB690097A6F1 /* Debug */ = {
			isa = XCBuildConfiguration;
			buildSettings = {
				ASSETCATALOG_COMPILER_APPICON_NAME = AppIcon;
				DEVELOPMENT_TEAM = YRKSKTGWBF;
				IBSC_MODULE = WalkaboutWatch_Extension;
				INFOPLIST_FILE = WalkaboutWatch/Info.plist;
				PRODUCT_BUNDLE_IDENTIFIER = com.moorecode.watchkitapp;
				PRODUCT_NAME = "$(TARGET_NAME)";
				SDKROOT = watchos;
				SKIP_INSTALL = YES;
				SWIFT_VERSION = 4.0;
				TARGETED_DEVICE_FAMILY = 4;
				WATCHOS_DEPLOYMENT_TARGET = 4.0;
			};
			name = Debug;
		};
		FA89C5491F2BFB690097A6F1 /* Release */ = {
			isa = XCBuildConfiguration;
			buildSettings = {
				ASSETCATALOG_COMPILER_APPICON_NAME = AppIcon;
				DEVELOPMENT_TEAM = YRKSKTGWBF;
				IBSC_MODULE = WalkaboutWatch_Extension;
				INFOPLIST_FILE = WalkaboutWatch/Info.plist;
				PRODUCT_BUNDLE_IDENTIFIER = com.moorecode.watchkitapp;
				PRODUCT_NAME = "$(TARGET_NAME)";
				SDKROOT = watchos;
				SKIP_INSTALL = YES;
				SWIFT_VERSION = 4.0;
				TARGETED_DEVICE_FAMILY = 4;
				WATCHOS_DEPLOYMENT_TARGET = 4.0;
			};
			name = Release;
		};
		FA89C54A1F2BFB690097A6F1 /* Debug */ = {
			isa = XCBuildConfiguration;
			baseConfigurationReference = 934E3B4228C70330DB6B132E /* Pods-WalkaboutWatch Extension.debug.xcconfig */;
			buildSettings = {
				ASSETCATALOG_COMPILER_COMPLICATION_NAME = Complication;
				DEVELOPMENT_TEAM = YRKSKTGWBF;
				INFOPLIST_FILE = "WalkaboutWatch Extension/Info.plist";
				LD_RUNPATH_SEARCH_PATHS = "$(inherited) @executable_path/Frameworks @executable_path/../../Frameworks";
				PRODUCT_BUNDLE_IDENTIFIER = com.moorecode.watchkitapp.extension;
				PRODUCT_NAME = "${TARGET_NAME}";
				SDKROOT = watchos;
				SKIP_INSTALL = YES;
				SWIFT_VERSION = 4.0;
				TARGETED_DEVICE_FAMILY = 4;
				WATCHOS_DEPLOYMENT_TARGET = 4.0;
			};
			name = Debug;
		};
		FA89C54B1F2BFB690097A6F1 /* Release */ = {
			isa = XCBuildConfiguration;
			baseConfigurationReference = 075A0117DBEC20D093313C94 /* Pods-WalkaboutWatch Extension.release.xcconfig */;
			buildSettings = {
				ASSETCATALOG_COMPILER_COMPLICATION_NAME = Complication;
				DEVELOPMENT_TEAM = YRKSKTGWBF;
				INFOPLIST_FILE = "WalkaboutWatch Extension/Info.plist";
				LD_RUNPATH_SEARCH_PATHS = "$(inherited) @executable_path/Frameworks @executable_path/../../Frameworks";
				PRODUCT_BUNDLE_IDENTIFIER = com.moorecode.watchkitapp.extension;
				PRODUCT_NAME = "${TARGET_NAME}";
				SDKROOT = watchos;
				SKIP_INSTALL = YES;
				SWIFT_VERSION = 4.0;
				TARGETED_DEVICE_FAMILY = 4;
				WATCHOS_DEPLOYMENT_TARGET = 4.0;
			};
			name = Release;
		};
/* End XCBuildConfiguration section */

/* Begin XCConfigurationList section */
		BF54CEB21F2B4A630002681C /* Build configuration list for PBXProject "Walkabout" */ = {
			isa = XCConfigurationList;
			buildConfigurations = (
				BF54CED21F2B4A640002681C /* Debug */,
				BF54CED31F2B4A640002681C /* Release */,
			);
			defaultConfigurationIsVisible = 0;
			defaultConfigurationName = Release;
		};
		BF54CED41F2B4A640002681C /* Build configuration list for PBXNativeTarget "Walkabout" */ = {
			isa = XCConfigurationList;
			buildConfigurations = (
				BF54CED51F2B4A640002681C /* Debug */,
				BF54CED61F2B4A640002681C /* Release */,
			);
			defaultConfigurationIsVisible = 0;
			defaultConfigurationName = Release;
		};
		BF54CED71F2B4A640002681C /* Build configuration list for PBXNativeTarget "WalkaboutTests" */ = {
			isa = XCConfigurationList;
			buildConfigurations = (
				BF54CED81F2B4A640002681C /* Debug */,
				BF54CED91F2B4A640002681C /* Release */,
			);
			defaultConfigurationIsVisible = 0;
			defaultConfigurationName = Release;
		};
		FA89C54C1F2BFB690097A6F1 /* Build configuration list for PBXNativeTarget "WalkaboutWatch Extension" */ = {
			isa = XCConfigurationList;
			buildConfigurations = (
				FA89C54A1F2BFB690097A6F1 /* Debug */,
				FA89C54B1F2BFB690097A6F1 /* Release */,
			);
			defaultConfigurationIsVisible = 0;
			defaultConfigurationName = Release;
		};
		FA89C54E1F2BFB690097A6F1 /* Build configuration list for PBXNativeTarget "WalkaboutWatch" */ = {
			isa = XCConfigurationList;
			buildConfigurations = (
				FA89C5481F2BFB690097A6F1 /* Debug */,
				FA89C5491F2BFB690097A6F1 /* Release */,
			);
			defaultConfigurationIsVisible = 0;
			defaultConfigurationName = Release;
		};
/* End XCConfigurationList section */
	};
	rootObject = BF54CEAF1F2B4A630002681C /* Project object */;
}
