PODS:
  - Mapbox-iOS-SDK (3.6.0)
  - SnapKit (3.2.0)
  - SwiftyJSON (3.1.4)

DEPENDENCIES:
  - Mapbox-iOS-SDK (~> 3.6)
  - SnapKit
  - SwiftyJSON

SPEC CHECKSUMS:
  Mapbox-iOS-SDK: c911b1875a00f12bb74253b763ac483425bd4225
  SnapKit: 1ca44df72cfa543218d177cb8aab029d10d86ea7
  SwiftyJSON: c2842d878f95482ffceec5709abc3d05680c0220

PODFILE CHECKSUM: 454d806e453276e1ee40a182f79ea469777a40f2

COCOAPODS: 1.2.1
